// !$*UTF8*$!
{
	archiveVersion = 1;
	classes = {
	};
	objectVersion = 56;
	objects = {

/* Begin PBXBuildFile section */
		E5F5BB512CD764F10087B397 /* AppDelegate.swift in Sources */ = {isa = PBXBuildFile; fileRef = E5F5BB502CD764F10087B397 /* AppDelegate.swift */; };
		E5F5BB532CD764F10087B397 /* SceneDelegate.swift in Sources */ = {isa = PBXBuildFile; fileRef = E5F5BB522CD764F10087B397 /* SceneDelegate.swift */; };
		E5F5BB552CD764F10087B397 /* ViewController.swift in Sources */ = {isa = PBXBuildFile; fileRef = E5F5BB542CD764F10087B397 /* ViewController.swift */; };
		E5F5BB5A2CD764F30087B397 /* Assets.xcassets in Resources */ = {isa = PBXBuildFile; fileRef = E5F5BB592CD764F30087B397 /* Assets.xcassets */; };
		E5F5BB5D2CD764F30087B397 /* Base in Resources */ = {isa = PBXBuildFile; fileRef = E5F5BB5C2CD764F30087B397 /* Base */; };
		E5F5BB742CD76C680087B397 /* Roboto-Black.ttf in Resources */ = {isa = PBXBuildFile; fileRef = E5F5BB662CD76C680087B397 /* Roboto-Black.ttf */; };
		E5F5BB752CD76C680087B397 /* Roboto-BlackItalic.ttf in Resources */ = {isa = PBXBuildFile; fileRef = E5F5BB672CD76C680087B397 /* Roboto-BlackItalic.ttf */; };
		E5F5BB762CD76C680087B397 /* Roboto-Bold.ttf in Resources */ = {isa = PBXBuildFile; fileRef = E5F5BB682CD76C680087B397 /* Roboto-Bold.ttf */; };
		E5F5BB772CD76C680087B397 /* Roboto-BoldItalic.ttf in Resources */ = {isa = PBXBuildFile; fileRef = E5F5BB692CD76C680087B397 /* Roboto-BoldItalic.ttf */; };
		E5F5BB782CD76C680087B397 /* Roboto-Italic.ttf in Resources */ = {isa = PBXBuildFile; fileRef = E5F5BB6A2CD76C680087B397 /* Roboto-Italic.ttf */; };
		E5F5BB792CD76C680087B397 /* Roboto-Light.ttf in Resources */ = {isa = PBXBuildFile; fileRef = E5F5BB6B2CD76C680087B397 /* Roboto-Light.ttf */; };
		E5F5BB7A2CD76C680087B397 /* Roboto-LightItalic.ttf in Resources */ = {isa = PBXBuildFile; fileRef = E5F5BB6C2CD76C680087B397 /* Roboto-LightItalic.ttf */; };
		E5F5BB7B2CD76C680087B397 /* Roboto-Medium.ttf in Resources */ = {isa = PBXBuildFile; fileRef = E5F5BB6D2CD76C680087B397 /* Roboto-Medium.ttf */; };
		E5F5BB7C2CD76C680087B397 /* Roboto-MediumItalic.ttf in Resources */ = {isa = PBXBuildFile; fileRef = E5F5BB6E2CD76C680087B397 /* Roboto-MediumItalic.ttf */; };
		E5F5BB7D2CD76C680087B397 /* Roboto-Regular.ttf in Resources */ = {isa = PBXBuildFile; fileRef = E5F5BB6F2CD76C680087B397 /* Roboto-Regular.ttf */; };
		E5F5BB7E2CD76C680087B397 /* Roboto-Thin.ttf in Resources */ = {isa = PBXBuildFile; fileRef = E5F5BB702CD76C680087B397 /* Roboto-Thin.ttf */; };
		E5F5BB7F2CD76C680087B397 /* Roboto-ThinItalic.ttf in Resources */ = {isa = PBXBuildFile; fileRef = E5F5BB712CD76C680087B397 /* Roboto-ThinItalic.ttf */; };
		E5F5BB832CD76E930087B397 /* UIFonts+Extensions.swift in Sources */ = {isa = PBXBuildFile; fileRef = E5F5BB822CD76E930087B397 /* UIFonts+Extensions.swift */; };
/* End PBXBuildFile section */

/* Begin PBXFileReference section */
		E5F5BB4D2CD764F10087B397 /* FoodDeliveryApp.app */ = {isa = PBXFileReference; explicitFileType = wrapper.application; includeInIndex = 0; path = FoodDeliveryApp.app; sourceTree = BUILT_PRODUCTS_DIR; };
		E5F5BB502CD764F10087B397 /* AppDelegate.swift */ = {isa = PBXFileReference; lastKnownFileType = sourcecode.swift; path = AppDelegate.swift; sourceTree = "<group>"; };
		E5F5BB522CD764F10087B397 /* SceneDelegate.swift */ = {isa = PBXFileReference; lastKnownFileType = sourcecode.swift; path = SceneDelegate.swift; sourceTree = "<group>"; };
		E5F5BB542CD764F10087B397 /* ViewController.swift */ = {isa = PBXFileReference; lastKnownFileType = sourcecode.swift; path = ViewController.swift; sourceTree = "<group>"; };
		E5F5BB592CD764F30087B397 /* Assets.xcassets */ = {isa = PBXFileReference; lastKnownFileType = folder.assetcatalog; path = Assets.xcassets; sourceTree = "<group>"; };
		E5F5BB5C2CD764F30087B397 /* Base */ = {isa = PBXFileReference; lastKnownFileType = file.storyboard; name = Base; path = Base.lproj/LaunchScreen.storyboard; sourceTree = "<group>"; };
		E5F5BB5E2CD764F30087B397 /* Info.plist */ = {isa = PBXFileReference; lastKnownFileType = text.plist.xml; path = Info.plist; sourceTree = "<group>"; };
		E5F5BB662CD76C680087B397 /* Roboto-Black.ttf */ = {isa = PBXFileReference; lastKnownFileType = file; path = "Roboto-Black.ttf"; sourceTree = "<group>"; };
		E5F5BB672CD76C680087B397 /* Roboto-BlackItalic.ttf */ = {isa = PBXFileReference; lastKnownFileType = file; path = "Roboto-BlackItalic.ttf"; sourceTree = "<group>"; };
		E5F5BB682CD76C680087B397 /* Roboto-Bold.ttf */ = {isa = PBXFileReference; lastKnownFileType = file; path = "Roboto-Bold.ttf"; sourceTree = "<group>"; };
		E5F5BB692CD76C680087B397 /* Roboto-BoldItalic.ttf */ = {isa = PBXFileReference; lastKnownFileType = file; path = "Roboto-BoldItalic.ttf"; sourceTree = "<group>"; };
		E5F5BB6A2CD76C680087B397 /* Roboto-Italic.ttf */ = {isa = PBXFileReference; lastKnownFileType = file; path = "Roboto-Italic.ttf"; sourceTree = "<group>"; };
		E5F5BB6B2CD76C680087B397 /* Roboto-Light.ttf */ = {isa = PBXFileReference; lastKnownFileType = file; path = "Roboto-Light.ttf"; sourceTree = "<group>"; };
		E5F5BB6C2CD76C680087B397 /* Roboto-LightItalic.ttf */ = {isa = PBXFileReference; lastKnownFileType = file; path = "Roboto-LightItalic.ttf"; sourceTree = "<group>"; };
		E5F5BB6D2CD76C680087B397 /* Roboto-Medium.ttf */ = {isa = PBXFileReference; lastKnownFileType = file; path = "Roboto-Medium.ttf"; sourceTree = "<group>"; };
		E5F5BB6E2CD76C680087B397 /* Roboto-MediumItalic.ttf */ = {isa = PBXFileReference; lastKnownFileType = file; path = "Roboto-MediumItalic.ttf"; sourceTree = "<group>"; };
		E5F5BB6F2CD76C680087B397 /* Roboto-Regular.ttf */ = {isa = PBXFileReference; lastKnownFileType = file; path = "Roboto-Regular.ttf"; sourceTree = "<group>"; };
		E5F5BB702CD76C680087B397 /* Roboto-Thin.ttf */ = {isa = PBXFileReference; lastKnownFileType = file; path = "Roboto-Thin.ttf"; sourceTree = "<group>"; };
		E5F5BB712CD76C680087B397 /* Roboto-ThinItalic.ttf */ = {isa = PBXFileReference; lastKnownFileType = file; path = "Roboto-ThinItalic.ttf"; sourceTree = "<group>"; };
		E5F5BB822CD76E930087B397 /* UIFonts+Extensions.swift */ = {isa = PBXFileReference; lastKnownFileType = sourcecode.swift; path = "UIFonts+Extensions.swift"; sourceTree = "<group>"; };
/* End PBXFileReference section */

/* Begin PBXFrameworksBuildPhase section */
		E5F5BB4A2CD764F10087B397 /* Frameworks */ = {
			isa = PBXFrameworksBuildPhase;
			buildActionMask = 2147483647;
			files = (
			);
			runOnlyForDeploymentPostprocessing = 0;
		};
/* End PBXFrameworksBuildPhase section */

/* Begin PBXGroup section */
		E5F5BB442CD764F10087B397 = {
			isa = PBXGroup;
			children = (
				E5F5BB4F2CD764F10087B397 /* FoodDeliveryApp */,
				E5F5BB4E2CD764F10087B397 /* Products */,
			);
			sourceTree = "<group>";
		};
		E5F5BB4E2CD764F10087B397 /* Products */ = {
			isa = PBXGroup;
			children = (
				E5F5BB4D2CD764F10087B397 /* FoodDeliveryApp.app */,
			);
			name = Products;
			sourceTree = "<group>";
		};
		E5F5BB4F2CD764F10087B397 /* FoodDeliveryApp */ = {
			isa = PBXGroup;
			children = (
				E5F5BB642CD76BDC0087B397 /* Resources */,
				E5F5BB502CD764F10087B397 /* AppDelegate.swift */,
				E5F5BB522CD764F10087B397 /* SceneDelegate.swift */,
				E5F5BB542CD764F10087B397 /* ViewController.swift */,
				E5F5BB592CD764F30087B397 /* Assets.xcassets */,
				E5F5BB5B2CD764F30087B397 /* LaunchScreen.storyboard */,
				E5F5BB5E2CD764F30087B397 /* Info.plist */,
			);
			path = FoodDeliveryApp;
			sourceTree = "<group>";
		};
		E5F5BB642CD76BDC0087B397 /* Resources */ = {
			isa = PBXGroup;
			children = (
				E5F5BB812CD76E610087B397 /* Extensions */,
				E5F5BB802CD76C7A0087B397 /* Fonts */,
			);
			path = Resources;
			sourceTree = "<group>";
		};
		E5F5BB722CD76C680087B397 /* Roboto */ = {
			isa = PBXGroup;
			children = (
				E5F5BB662CD76C680087B397 /* Roboto-Black.ttf */,
				E5F5BB672CD76C680087B397 /* Roboto-BlackItalic.ttf */,
				E5F5BB682CD76C680087B397 /* Roboto-Bold.ttf */,
				E5F5BB692CD76C680087B397 /* Roboto-BoldItalic.ttf */,
				E5F5BB6A2CD76C680087B397 /* Roboto-Italic.ttf */,
				E5F5BB6B2CD76C680087B397 /* Roboto-Light.ttf */,
				E5F5BB6C2CD76C680087B397 /* Roboto-LightItalic.ttf */,
				E5F5BB6D2CD76C680087B397 /* Roboto-Medium.ttf */,
				E5F5BB6E2CD76C680087B397 /* Roboto-MediumItalic.ttf */,
				E5F5BB6F2CD76C680087B397 /* Roboto-Regular.ttf */,
				E5F5BB702CD76C680087B397 /* Roboto-Thin.ttf */,
				E5F5BB712CD76C680087B397 /* Roboto-ThinItalic.ttf */,
			);
			path = Roboto;
			sourceTree = "<group>";
		};
		E5F5BB802CD76C7A0087B397 /* Fonts */ = {
			isa = PBXGroup;
			children = (
				E5F5BB722CD76C680087B397 /* Roboto */,
			);
			path = Fonts;
			sourceTree = "<group>";
		};
		E5F5BB812CD76E610087B397 /* Extensions */ = {
			isa = PBXGroup;
			children = (
				E5F5BB822CD76E930087B397 /* UIFonts+Extensions.swift */,
			);
			path = Extensions;
			sourceTree = "<group>";
		};
/* End PBXGroup section */

/* Begin PBXNativeTarget section */
		E5F5BB4C2CD764F10087B397 /* FoodDeliveryApp */ = {
			isa = PBXNativeTarget;
			buildConfigurationList = E5F5BB612CD764F30087B397 /* Build configuration list for PBXNativeTarget "FoodDeliveryApp" */;
			buildPhases = (
				E5F5BB492CD764F10087B397 /* Sources */,
				E5F5BB4A2CD764F10087B397 /* Frameworks */,
				E5F5BB4B2CD764F10087B397 /* Resources */,
			);
			buildRules = (
			);
			dependencies = (
			);
			name = FoodDeliveryApp;
			productName = FoodDeliveryApp;
			productReference = E5F5BB4D2CD764F10087B397 /* FoodDeliveryApp.app */;
			productType = "com.apple.product-type.application";
		};
/* End PBXNativeTarget section */

/* Begin PBXProject section */
		E5F5BB452CD764F10087B397 /* Project object */ = {
			isa = PBXProject;
			attributes = {
				BuildIndependentTargetsInParallel = 1;
				LastSwiftUpdateCheck = 1540;
				LastUpgradeCheck = 1540;
				TargetAttributes = {
					E5F5BB4C2CD764F10087B397 = {
						CreatedOnToolsVersion = 15.4;
					};
				};
			};
			buildConfigurationList = E5F5BB482CD764F10087B397 /* Build configuration list for PBXProject "FoodDeliveryApp" */;
			compatibilityVersion = "Xcode 14.0";
			developmentRegion = en;
			hasScannedForEncodings = 0;
			knownRegions = (
				en,
				Base,
			);
			mainGroup = E5F5BB442CD764F10087B397;
			productRefGroup = E5F5BB4E2CD764F10087B397 /* Products */;
			projectDirPath = "";
			projectRoot = "";
			targets = (
				E5F5BB4C2CD764F10087B397 /* FoodDeliveryApp */,
			);
		};
/* End PBXProject section */

/* Begin PBXResourcesBuildPhase section */
		E5F5BB4B2CD764F10087B397 /* Resources */ = {
			isa = PBXResourcesBuildPhase;
			buildActionMask = 2147483647;
			files = (
				E5F5BB7F2CD76C680087B397 /* Roboto-ThinItalic.ttf in Resources */,
				E5F5BB7E2CD76C680087B397 /* Roboto-Thin.ttf in Resources */,
				E5F5BB5A2CD764F30087B397 /* Assets.xcassets in Resources */,
				E5F5BB7A2CD76C680087B397 /* Roboto-LightItalic.ttf in Resources */,
				E5F5BB762CD76C680087B397 /* Roboto-Bold.ttf in Resources */,
				E5F5BB7C2CD76C680087B397 /* Roboto-MediumItalic.ttf in Resources */,
				E5F5BB752CD76C680087B397 /* Roboto-BlackItalic.ttf in Resources */,
				E5F5BB5D2CD764F30087B397 /* Base in Resources */,
				E5F5BB782CD76C680087B397 /* Roboto-Italic.ttf in Resources */,
				E5F5BB772CD76C680087B397 /* Roboto-BoldItalic.ttf in Resources */,
				E5F5BB7B2CD76C680087B397 /* Roboto-Medium.ttf in Resources */,
				E5F5BB7D2CD76C680087B397 /* Roboto-Regular.ttf in Resources */,
				E5F5BB742CD76C680087B397 /* Roboto-Black.ttf in Resources */,
				E5F5BB792CD76C680087B397 /* Roboto-Light.ttf in Resources */,
			);
			runOnlyForDeploymentPostprocessing = 0;
		};
/* End PBXResourcesBuildPhase section */

/* Begin PBXSourcesBuildPhase section */
		E5F5BB492CD764F10087B397 /* Sources */ = {
			isa = PBXSourcesBuildPhase;
			buildActionMask = 2147483647;
			files = (
				E5F5BB552CD764F10087B397 /* ViewController.swift in Sources */,
				E5F5BB512CD764F10087B397 /* AppDelegate.swift in Sources */,
				E5F5BB832CD76E930087B397 /* UIFonts+Extensions.swift in Sources */,
				E5F5BB532CD764F10087B397 /* SceneDelegate.swift in Sources */,
			);
			runOnlyForDeploymentPostprocessing = 0;
		};
/* End PBXSourcesBuildPhase section */

/* Begin PBXVariantGroup section */
		E5F5BB5B2CD764F30087B397 /* LaunchScreen.storyboard */ = {
			isa = PBXVariantGroup;
			children = (
				E5F5BB5C2CD764F30087B397 /* Base */,
			);
			name = LaunchScreen.storyboard;
			sourceTree = "<group>";
		};
/* End PBXVariantGroup section */

/* Begin XCBuildConfiguration section */
		E5F5BB5F2CD764F30087B397 /* Debug */ = {
			isa = XCBuildConfiguration;
			buildSettings = {
				ALWAYS_SEARCH_USER_PATHS = NO;
				ASSETCATALOG_COMPILER_GENERATE_SWIFT_ASSET_SYMBOL_EXTENSIONS = YES;
				CLANG_ANALYZER_NONNULL = YES;
				CLANG_ANALYZER_NUMBER_OBJECT_CONVERSION = YES_AGGRESSIVE;
				CLANG_CXX_LANGUAGE_STANDARD = "gnu++20";
				CLANG_ENABLE_MODULES = YES;
				CLANG_ENABLE_OBJC_ARC = YES;
				CLANG_ENABLE_OBJC_WEAK = YES;
				CLANG_WARN_BLOCK_CAPTURE_AUTORELEASING = YES;
				CLANG_WARN_BOOL_CONVERSION = YES;
				CLANG_WARN_COMMA = YES;
				CLANG_WARN_CONSTANT_CONVERSION = YES;
				CLANG_WARN_DEPRECATED_OBJC_IMPLEMENTATIONS = YES;
				CLANG_WARN_DIRECT_OBJC_ISA_USAGE = YES_ERROR;
				CLANG_WARN_DOCUMENTATION_COMMENTS = YES;
				CLANG_WARN_EMPTY_BODY = YES;
				CLANG_WARN_ENUM_CONVERSION = YES;
				CLANG_WARN_INFINITE_RECURSION = YES;
				CLANG_WARN_INT_CONVERSION = YES;
				CLANG_WARN_NON_LITERAL_NULL_CONVERSION = YES;
				CLANG_WARN_OBJC_IMPLICIT_RETAIN_SELF = YES;
				CLANG_WARN_OBJC_LITERAL_CONVERSION = YES;
				CLANG_WARN_OBJC_ROOT_CLASS = YES_ERROR;
				CLANG_WARN_QUOTED_INCLUDE_IN_FRAMEWORK_HEADER = YES;
				CLANG_WARN_RANGE_LOOP_ANALYSIS = YES;
				CLANG_WARN_STRICT_PROTOTYPES = YES;
				CLANG_WARN_SUSPICIOUS_MOVE = YES;
				CLANG_WARN_UNGUARDED_AVAILABILITY = YES_AGGRESSIVE;
				CLANG_WARN_UNREACHABLE_CODE = YES;
				CLANG_WARN__DUPLICATE_METHOD_MATCH = YES;
				COPY_PHASE_STRIP = NO;
				DEBUG_INFORMATION_FORMAT = dwarf;
				ENABLE_STRICT_OBJC_MSGSEND = YES;
				ENABLE_TESTABILITY = YES;
				ENABLE_USER_SCRIPT_SANDBOXING = YES;
				GCC_C_LANGUAGE_STANDARD = gnu17;
				GCC_DYNAMIC_NO_PIC = NO;
				GCC_NO_COMMON_BLOCKS = YES;
				GCC_OPTIMIZATION_LEVEL = 0;
				GCC_PREPROCESSOR_DEFINITIONS = (
					"DEBUG=1",
					"$(inherited)",
				);
				GCC_WARN_64_TO_32_BIT_CONVERSION = YES;
				GCC_WARN_ABOUT_RETURN_TYPE = YES_ERROR;
				GCC_WARN_UNDECLARED_SELECTOR = YES;
				GCC_WARN_UNINITIALIZED_AUTOS = YES_AGGRESSIVE;
				GCC_WARN_UNUSED_FUNCTION = YES;
				GCC_WARN_UNUSED_VARIABLE = YES;
				IPHONEOS_DEPLOYMENT_TARGET = 17.5;
				LOCALIZATION_PREFERS_STRING_CATALOGS = YES;
				MTL_ENABLE_DEBUG_INFO = INCLUDE_SOURCE;
				MTL_FAST_MATH = YES;
				ONLY_ACTIVE_ARCH = YES;
				SDKROOT = iphoneos;
				SWIFT_ACTIVE_COMPILATION_CONDITIONS = "DEBUG $(inherited)";
				SWIFT_OPTIMIZATION_LEVEL = "-Onone";
			};
			name = Debug;
		};
		E5F5BB602CD764F30087B397 /* Release */ = {
			isa = XCBuildConfiguration;
			buildSettings = {
				ALWAYS_SEARCH_USER_PATHS = NO;
				ASSETCATALOG_COMPILER_GENERATE_SWIFT_ASSET_SYMBOL_EXTENSIONS = YES;
				CLANG_ANALYZER_NONNULL = YES;
				CLANG_ANALYZER_NUMBER_OBJECT_CONVERSION = YES_AGGRESSIVE;
				CLANG_CXX_LANGUAGE_STANDARD = "gnu++20";
				CLANG_ENABLE_MODULES = YES;
				CLANG_ENABLE_OBJC_ARC = YES;
				CLANG_ENABLE_OBJC_WEAK = YES;
				CLANG_WARN_BLOCK_CAPTURE_AUTORELEASING = YES;
				CLANG_WARN_BOOL_CONVERSION = YES;
				CLANG_WARN_COMMA = YES;
				CLANG_WARN_CONSTANT_CONVERSION = YES;
				CLANG_WARN_DEPRECATED_OBJC_IMPLEMENTATIONS = YES;
				CLANG_WARN_DIRECT_OBJC_ISA_USAGE = YES_ERROR;
				CLANG_WARN_DOCUMENTATION_COMMENTS = YES;
				CLANG_WARN_EMPTY_BODY = YES;
				CLANG_WARN_ENUM_CONVERSION = YES;
				CLANG_WARN_INFINITE_RECURSION = YES;
				CLANG_WARN_INT_CONVERSION = YES;
				CLANG_WARN_NON_LITERAL_NULL_CONVERSION = YES;
				CLANG_WARN_OBJC_IMPLICIT_RETAIN_SELF = YES;
				CLANG_WARN_OBJC_LITERAL_CONVERSION = YES;
				CLANG_WARN_OBJC_ROOT_CLASS = YES_ERROR;
				CLANG_WARN_QUOTED_INCLUDE_IN_FRAMEWORK_HEADER = YES;
				CLANG_WARN_RANGE_LOOP_ANALYSIS = YES;
				CLANG_WARN_STRICT_PROTOTYPES = YES;
				CLANG_WARN_SUSPICIOUS_MOVE = YES;
				CLANG_WARN_UNGUARDED_AVAILABILITY = YES_AGGRESSIVE;
				CLANG_WARN_UNREACHABLE_CODE = YES;
				CLANG_WARN__DUPLICATE_METHOD_MATCH = YES;
				COPY_PHASE_STRIP = NO;
				DEBUG_INFORMATION_FORMAT = "dwarf-with-dsym";
				ENABLE_NS_ASSERTIONS = NO;
				ENABLE_STRICT_OBJC_MSGSEND = YES;
				ENABLE_USER_SCRIPT_SANDBOXING = YES;
				GCC_C_LANGUAGE_STANDARD = gnu17;
				GCC_NO_COMMON_BLOCKS = YES;
				GCC_WARN_64_TO_32_BIT_CONVERSION = YES;
				GCC_WARN_ABOUT_RETURN_TYPE = YES_ERROR;
				GCC_WARN_UNDECLARED_SELECTOR = YES;
				GCC_WARN_UNINITIALIZED_AUTOS = YES_AGGRESSIVE;
				GCC_WARN_UNUSED_FUNCTION = YES;
				GCC_WARN_UNUSED_VARIABLE = YES;
				IPHONEOS_DEPLOYMENT_TARGET = 17.5;
				LOCALIZATION_PREFERS_STRING_CATALOGS = YES;
				MTL_ENABLE_DEBUG_INFO = NO;
				MTL_FAST_MATH = YES;
				SDKROOT = iphoneos;
				SWIFT_COMPILATION_MODE = wholemodule;
				VALIDATE_PRODUCT = YES;
			};
			name = Release;
		};
		E5F5BB622CD764F30087B397 /* Debug */ = {
			isa = XCBuildConfiguration;
			buildSettings = {
				ASSETCATALOG_COMPILER_APPICON_NAME = AppIcon;
				ASSETCATALOG_COMPILER_GLOBAL_ACCENT_COLOR_NAME = AccentColor;
				CODE_SIGN_STYLE = Automatic;
				CURRENT_PROJECT_VERSION = 1;
				DEVELOPMENT_TEAM = M8Y5W2CD55;
				GENERATE_INFOPLIST_FILE = YES;
				INFOPLIST_FILE = FoodDeliveryApp/Info.plist;
				INFOPLIST_KEY_UIApplicationSupportsIndirectInputEvents = YES;
				INFOPLIST_KEY_UILaunchStoryboardName = LaunchScreen;
				INFOPLIST_KEY_UISupportedInterfaceOrientations_iPad = "UIInterfaceOrientationPortrait UIInterfaceOrientationPortraitUpsideDown UIInterfaceOrientationLandscapeLeft UIInterfaceOrientationLandscapeRight";
				INFOPLIST_KEY_UISupportedInterfaceOrientations_iPhone = "UIInterfaceOrientationPortrait UIInterfaceOrientationLandscapeLeft UIInterfaceOrientationLandscapeRight";
				LD_RUNPATH_SEARCH_PATHS = (
					"$(inherited)",
					"@executable_path/Frameworks",
				);
				MARKETING_VERSION = 1.0;
				PRODUCT_BUNDLE_IDENTIFIER = ink.frank.FoodDeliveryApp;
				PRODUCT_NAME = "$(TARGET_NAME)";
				SWIFT_EMIT_LOC_STRINGS = YES;
				SWIFT_VERSION = 5.0;
				TARGETED_DEVICE_FAMILY = "1,2";
			};
			name = Debug;
		};
		E5F5BB632CD764F30087B397 /* Release */ = {
			isa = XCBuildConfiguration;
			buildSettings = {
				ASSETCATALOG_COMPILER_APPICON_NAME = AppIcon;
				ASSETCATALOG_COMPILER_GLOBAL_ACCENT_COLOR_NAME = AccentColor;
				CODE_SIGN_STYLE = Automatic;
				CURRENT_PROJECT_VERSION = 1;
				DEVELOPMENT_TEAM = M8Y5W2CD55;
				GENERATE_INFOPLIST_FILE = YES;
				INFOPLIST_FILE = FoodDeliveryApp/Info.plist;
				INFOPLIST_KEY_UIApplicationSupportsIndirectInputEvents = YES;
				INFOPLIST_KEY_UILaunchStoryboardName = LaunchScreen;
				INFOPLIST_KEY_UISupportedInterfaceOrientations_iPad = "UIInterfaceOrientationPortrait UIInterfaceOrientationPortraitUpsideDown UIInterfaceOrientationLandscapeLeft UIInterfaceOrientationLandscapeRight";
				INFOPLIST_KEY_UISupportedInterfaceOrientations_iPhone = "UIInterfaceOrientationPortrait UIInterfaceOrientationLandscapeLeft UIInterfaceOrientationLandscapeRight";
				LD_RUNPATH_SEARCH_PATHS = (
					"$(inherited)",
					"@executable_path/Frameworks",
				);
				MARKETING_VERSION = 1.0;
				PRODUCT_BUNDLE_IDENTIFIER = ink.frank.FoodDeliveryApp;
				PRODUCT_NAME = "$(TARGET_NAME)";
				SWIFT_EMIT_LOC_STRINGS = YES;
				SWIFT_VERSION = 5.0;
				TARGETED_DEVICE_FAMILY = "1,2";
			};
			name = Release;
		};
/* End XCBuildConfiguration section */

/* Begin XCConfigurationList section */
		E5F5BB482CD764F10087B397 /* Build configuration list for PBXProject "FoodDeliveryApp" */ = {
			isa = XCConfigurationList;
			buildConfigurations = (
				E5F5BB5F2CD764F30087B397 /* Debug */,
				E5F5BB602CD764F30087B397 /* Release */,
			);
			defaultConfigurationIsVisible = 0;
			defaultConfigurationName = Release;
		};
		E5F5BB612CD764F30087B397 /* Build configuration list for PBXNativeTarget "FoodDeliveryApp" */ = {
			isa = XCConfigurationList;
			buildConfigurations = (
				E5F5BB622CD764F30087B397 /* Debug */,
				E5F5BB632CD764F30087B397 /* Release */,
			);
			defaultConfigurationIsVisible = 0;
			defaultConfigurationName = Release;
		};
/* End XCConfigurationList section */
	};
	rootObject = E5F5BB452CD764F10087B397 /* Project object */;
}
